
Microsoft Visual Studio Solution File, Format Version 12.00
Project("{FAE04EC0-301F-11D3-BF4B-00C04F79EFBC}") = "TestNinjaLab", "TestNinjaLab\TestNinjaLab.csproj", "{2DB29831-7EF6-49CC-AF5A-40D3E29BAAD9}"
EndProject
Project("{FAE04EC0-301F-11D3-BF4B-00C04F79EFBC}") = "TestNinjaLab.UnitTest", "TestNinjaLab.UnitTest\TestNinjaLab.UnitTest.csproj", "{6F481171-A99C-4316-9E70-93794AAEFDFF}"
EndProject
Global
	GlobalSection(SolutionConfigurationPlatforms) = preSolution
		Debug|Any CPU = Debug|Any CPU
		Release|Any CPU = Release|Any CPU
	EndGlobalSection
	GlobalSection(ProjectConfigurationPlatforms) = postSolution
		{2DB29831-7EF6-49CC-AF5A-40D3E29BAAD9}.Debug|Any CPU.ActiveCfg = Debug|Any CPU
		{2DB29831-7EF6-49CC-AF5A-40D3E29BAAD9}.Debug|Any CPU.Build.0 = Debug|Any CPU
		{2DB29831-7EF6-49CC-AF5A-40D3E29BAAD9}.Release|Any CPU.ActiveCfg = Release|Any CPU
		{2DB29831-7EF6-49CC-AF5A-40D3E29BAAD9}.Release|Any CPU.Build.0 = Release|Any CPU
		{6F481171-A99C-4316-9E70-93794AAEFDFF}.Debug|Any CPU.ActiveCfg = Debug|Any CPU
		{6F481171-A99C-4316-9E70-93794AAEFDFF}.Debug|Any CPU.Build.0 = Debug|Any CPU
		{6F481171-A99C-4316-9E70-93794AAEFDFF}.Release|Any CPU.ActiveCfg = Release|Any CPU
		{6F481171-A99C-4316-9E70-93794AAEFDFF}.Release|Any CPU.Build.0 = Release|Any CPU
	EndGlobalSection
EndGlobal
